{
    "_meta": {
        "hash": {
            "sha256": "6258a3677eab49faf690fa38a0582299be4b637d693c761b475bf8403717ef37"
        },
        "pipfile-spec": 6,
        "requires": {
            "python_version": "3.8"
        },
        "sources": [
            {
                "name": "pypi",
                "url": "https://pypi.org/simple",
                "verify_ssl": true
            }
        ]
    },
    "default": {
        "nodeenv": {
            "hashes": [
                "sha256:5b2438f2e42af54ca968dd1b374d14a1194848955187b0e5e4be1f73813a5212"
            ],
            "index": "pypi",
            "version": "==1.3.5"
        }
    },
    "develop": {}
}
